
Microsoft Visual Studio Solution File, Format Version 12.00
# Visual Studio Version 17
VisualStudioVersion = 17.9.34728.123
MinimumVisualStudioVersion = 10.0.40219.1
Project("{9A19103F-16F7-4668-BE54-9A1E7A4F7556}") = "Demo01-Namespace", "Demo01-Namespace\Demo01-Namespace.csproj", "{B5E3097C-DAE9-4DB1-B6A3-12650775A3C4}"
EndProject
Project("{9A19103F-16F7-4668-BE54-9A1E7A4F7556}") = "Demo02-NotionClass", "Demo02-NotionClass\Demo02-NotionClass.csproj", "{4EAD85DF-9841-4E06-B1B2-0658509EFFDE}"
EndProject
Project("{9A19103F-16F7-4668-BE54-9A1E7A4F7556}") = "Demo03-ClassStatic", "Demo03-ClassStatic\Demo03-ClassStatic.csproj", "{1DACFB6A-7512-46EC-BC3B-43D1F4E9DE19}"
EndProject
Project("{9A19103F-16F7-4668-BE54-9A1E7A4F7556}") = "Demo04-Encapsulation", "Demo04-Encapsulation\Demo04-Encapsulation.csproj", "{20B5D85A-7617-4925-95CC-1F10B61EFE4B}"
EndProject
Project("{9A19103F-16F7-4668-BE54-9A1E7A4F7556}") = "Demo05-Proprietes", "Demo05-Proprietes\Demo05-Proprietes.csproj", "{2B5DF92A-149B-42B9-8A2F-3DBAB87C759C}"
EndProject
Project("{9A19103F-16F7-4668-BE54-9A1E7A4F7556}") = "Demo06-Indexeur", "Demo06-Indexeur\Demo06-Indexeur.csproj", "{0D791E15-5C21-4B30-99BB-CA277EBAF2A3}"
EndProject
Project("{9A19103F-16F7-4668-BE54-9A1E7A4F7556}") = "Demo07-Operateurs", "Demo07-Operateurs\Demo07-Operateurs.csproj", "{28163330-4BE9-4463-BA76-A68121812E8B}"
EndProject
Project("{9A19103F-16F7-4668-BE54-9A1E7A4F7556}") = "Demo08-Heritage", "Demo08-Heritage\Demo08-Heritage.csproj", "{BEE8BEEC-3CBE-4E81-AFBB-053089F7C3CE}"
EndProject
Project("{FAE04EC0-301F-11D3-BF4B-00C04F79EFBC}") = "Demo09-IDisposable", "Demo09-IDisposable\Demo09-IDisposable.csproj", "{0560F1F2-E455-419E-8197-83DB4467FD78}"
EndProject
Project("{FAE04EC0-301F-11D3-BF4B-00C04F79EFBC}") = "Demo10-TryCatchException", "Demo10-TryCatchException\Demo10-TryCatchException.csproj", "{819FE496-C61F-4761-A360-3832E48D56F7}"
EndProject
Project("{FAE04EC0-301F-11D3-BF4B-00C04F79EFBC}") = "Demo11-ThrowException", "Demo11-ThrowException\Demo11-ThrowException.csproj", "{720D7496-D1AF-4884-8862-5C1B610F0578}"
EndProject
Project("{FAE04EC0-301F-11D3-BF4B-00C04F79EFBC}") = "Demo12-Deleguate01", "Demo12-Deleguate01\Demo12-Deleguate01.csproj", "{E1EEE0CB-2E1E-4A1C-A5FC-747F5CEB51DA}"
EndProject
Global
	GlobalSection(SolutionConfigurationPlatforms) = preSolution
		Debug|Any CPU = Debug|Any CPU
		Release|Any CPU = Release|Any CPU
	EndGlobalSection
	GlobalSection(ProjectConfigurationPlatforms) = postSolution
		{B5E3097C-DAE9-4DB1-B6A3-12650775A3C4}.Debug|Any CPU.ActiveCfg = Debug|Any CPU
		{B5E3097C-DAE9-4DB1-B6A3-12650775A3C4}.Debug|Any CPU.Build.0 = Debug|Any CPU
		{B5E3097C-DAE9-4DB1-B6A3-12650775A3C4}.Release|Any CPU.ActiveCfg = Release|Any CPU
		{B5E3097C-DAE9-4DB1-B6A3-12650775A3C4}.Release|Any CPU.Build.0 = Release|Any CPU
		{4EAD85DF-9841-4E06-B1B2-0658509EFFDE}.Debug|Any CPU.ActiveCfg = Debug|Any CPU
		{4EAD85DF-9841-4E06-B1B2-0658509EFFDE}.Debug|Any CPU.Build.0 = Debug|Any CPU
		{4EAD85DF-9841-4E06-B1B2-0658509EFFDE}.Release|Any CPU.ActiveCfg = Release|Any CPU
		{4EAD85DF-9841-4E06-B1B2-0658509EFFDE}.Release|Any CPU.Build.0 = Release|Any CPU
		{1DACFB6A-7512-46EC-BC3B-43D1F4E9DE19}.Debug|Any CPU.ActiveCfg = Debug|Any CPU
		{1DACFB6A-7512-46EC-BC3B-43D1F4E9DE19}.Debug|Any CPU.Build.0 = Debug|Any CPU
		{1DACFB6A-7512-46EC-BC3B-43D1F4E9DE19}.Release|Any CPU.ActiveCfg = Release|Any CPU
		{1DACFB6A-7512-46EC-BC3B-43D1F4E9DE19}.Release|Any CPU.Build.0 = Release|Any CPU
		{20B5D85A-7617-4925-95CC-1F10B61EFE4B}.Debug|Any CPU.ActiveCfg = Debug|Any CPU
		{20B5D85A-7617-4925-95CC-1F10B61EFE4B}.Debug|Any CPU.Build.0 = Debug|Any CPU
		{20B5D85A-7617-4925-95CC-1F10B61EFE4B}.Release|Any CPU.ActiveCfg = Release|Any CPU
		{20B5D85A-7617-4925-95CC-1F10B61EFE4B}.Release|Any CPU.Build.0 = Release|Any CPU
		{2B5DF92A-149B-42B9-8A2F-3DBAB87C759C}.Debug|Any CPU.ActiveCfg = Debug|Any CPU
		{2B5DF92A-149B-42B9-8A2F-3DBAB87C759C}.Debug|Any CPU.Build.0 = Debug|Any CPU
		{2B5DF92A-149B-42B9-8A2F-3DBAB87C759C}.Release|Any CPU.ActiveCfg = Release|Any CPU
		{2B5DF92A-149B-42B9-8A2F-3DBAB87C759C}.Release|Any CPU.Build.0 = Release|Any CPU
		{0D791E15-5C21-4B30-99BB-CA277EBAF2A3}.Debug|Any CPU.ActiveCfg = Debug|Any CPU
		{0D791E15-5C21-4B30-99BB-CA277EBAF2A3}.Debug|Any CPU.Build.0 = Debug|Any CPU
		{0D791E15-5C21-4B30-99BB-CA277EBAF2A3}.Release|Any CPU.ActiveCfg = Release|Any CPU
		{0D791E15-5C21-4B30-99BB-CA277EBAF2A3}.Release|Any CPU.Build.0 = Release|Any CPU
		{28163330-4BE9-4463-BA76-A68121812E8B}.Debug|Any CPU.ActiveCfg = Debug|Any CPU
		{28163330-4BE9-4463-BA76-A68121812E8B}.Debug|Any CPU.Build.0 = Debug|Any CPU
		{28163330-4BE9-4463-BA76-A68121812E8B}.Release|Any CPU.ActiveCfg = Release|Any CPU
		{28163330-4BE9-4463-BA76-A68121812E8B}.Release|Any CPU.Build.0 = Release|Any CPU
		{BEE8BEEC-3CBE-4E81-AFBB-053089F7C3CE}.Debug|Any CPU.ActiveCfg = Debug|Any CPU
		{BEE8BEEC-3CBE-4E81-AFBB-053089F7C3CE}.Debug|Any CPU.Build.0 = Debug|Any CPU
		{BEE8BEEC-3CBE-4E81-AFBB-053089F7C3CE}.Release|Any CPU.ActiveCfg = Release|Any CPU
		{BEE8BEEC-3CBE-4E81-AFBB-053089F7C3CE}.Release|Any CPU.Build.0 = Release|Any CPU
		{0560F1F2-E455-419E-8197-83DB4467FD78}.Debug|Any CPU.ActiveCfg = Debug|Any CPU
		{0560F1F2-E455-419E-8197-83DB4467FD78}.Debug|Any CPU.Build.0 = Debug|Any CPU
		{0560F1F2-E455-419E-8197-83DB4467FD78}.Release|Any CPU.ActiveCfg = Release|Any CPU
		{0560F1F2-E455-419E-8197-83DB4467FD78}.Release|Any CPU.Build.0 = Release|Any CPU
		{819FE496-C61F-4761-A360-3832E48D56F7}.Debug|Any CPU.ActiveCfg = Debug|Any CPU
		{819FE496-C61F-4761-A360-3832E48D56F7}.Debug|Any CPU.Build.0 = Debug|Any CPU
		{819FE496-C61F-4761-A360-3832E48D56F7}.Release|Any CPU.ActiveCfg = Release|Any CPU
		{819FE496-C61F-4761-A360-3832E48D56F7}.Release|Any CPU.Build.0 = Release|Any CPU
		{720D7496-D1AF-4884-8862-5C1B610F0578}.Debug|Any CPU.ActiveCfg = Debug|Any CPU
		{720D7496-D1AF-4884-8862-5C1B610F0578}.Debug|Any CPU.Build.0 = Debug|Any CPU
		{720D7496-D1AF-4884-8862-5C1B610F0578}.Release|Any CPU.ActiveCfg = Release|Any CPU
		{720D7496-D1AF-4884-8862-5C1B610F0578}.Release|Any CPU.Build.0 = Release|Any CPU
		{E1EEE0CB-2E1E-4A1C-A5FC-747F5CEB51DA}.Debug|Any CPU.ActiveCfg = Debug|Any CPU
		{E1EEE0CB-2E1E-4A1C-A5FC-747F5CEB51DA}.Debug|Any CPU.Build.0 = Debug|Any CPU
		{E1EEE0CB-2E1E-4A1C-A5FC-747F5CEB51DA}.Release|Any CPU.ActiveCfg = Release|Any CPU
		{E1EEE0CB-2E1E-4A1C-A5FC-747F5CEB51DA}.Release|Any CPU.Build.0 = Release|Any CPU
	EndGlobalSection
	GlobalSection(SolutionProperties) = preSolution
		HideSolutionNode = FALSE
	EndGlobalSection
	GlobalSection(ExtensibilityGlobals) = postSolution
		SolutionGuid = {25253001-689D-4849-BA87-72A95801FEDC}
	EndGlobalSection
EndGlobal
